
Microsoft Visual Studio Solution File, Format Version 12.00
# Visual Studio Version 17
VisualStudioVersion = 17.11.35327.3
MinimumVisualStudioVersion = 10.0.40219.1
Project("{9A19103F-16F7-4668-BE54-9A1E7A4F7556}") = "reviewservice", "reviewservice\reviewservice.csproj", "{60401C06-1E20-4AA0-9032-676EFF69DD66}"
EndProject
Project("{FAE04EC0-301F-11D3-BF4B-00C04F79EFBC}") = "domain", "domain\domain.csproj", "{5D0EB853-EED6-42F1-9CAA-037409F45D98}"
EndProject
Project("{FAE04EC0-301F-11D3-BF4B-00C04F79EFBC}") = "infrastructure", "infrastructure\infrastructure.csproj", "{9074D957-7A58-45A9-A773-42928CD043E7}"
EndProject
Project("{FAE04EC0-301F-11D3-BF4B-00C04F79EFBC}") = "application", "application\application.csproj", "{EC2A01B7-8B78-49F1-9146-CC671965B300}"
EndProject
Global
	GlobalSection(SolutionConfigurationPlatforms) = preSolution
		Debug|Any CPU = Debug|Any CPU
		Release|Any CPU = Release|Any CPU
	EndGlobalSection
	GlobalSection(ProjectConfigurationPlatforms) = postSolution
		{60401C06-1E20-4AA0-9032-676EFF69DD66}.Debug|Any CPU.ActiveCfg = Debug|Any CPU
		{60401C06-1E20-4AA0-9032-676EFF69DD66}.Debug|Any CPU.Build.0 = Debug|Any CPU
		{60401C06-1E20-4AA0-9032-676EFF69DD66}.Release|Any CPU.ActiveCfg = Release|Any CPU
		{60401C06-1E20-4AA0-9032-676EFF69DD66}.Release|Any CPU.Build.0 = Release|Any CPU
		{5D0EB853-EED6-42F1-9CAA-037409F45D98}.Debug|Any CPU.ActiveCfg = Debug|Any CPU
		{5D0EB853-EED6-42F1-9CAA-037409F45D98}.Debug|Any CPU.Build.0 = Debug|Any CPU
		{5D0EB853-EED6-42F1-9CAA-037409F45D98}.Release|Any CPU.ActiveCfg = Release|Any CPU
		{5D0EB853-EED6-42F1-9CAA-037409F45D98}.Release|Any CPU.Build.0 = Release|Any CPU
		{9074D957-7A58-45A9-A773-42928CD043E7}.Debug|Any CPU.ActiveCfg = Debug|Any CPU
		{9074D957-7A58-45A9-A773-42928CD043E7}.Debug|Any CPU.Build.0 = Debug|Any CPU
		{9074D957-7A58-45A9-A773-42928CD043E7}.Release|Any CPU.ActiveCfg = Release|Any CPU
		{9074D957-7A58-45A9-A773-42928CD043E7}.Release|Any CPU.Build.0 = Release|Any CPU
		{EC2A01B7-8B78-49F1-9146-CC671965B300}.Debug|Any CPU.ActiveCfg = Debug|Any CPU
		{EC2A01B7-8B78-49F1-9146-CC671965B300}.Debug|Any CPU.Build.0 = Debug|Any CPU
		{EC2A01B7-8B78-49F1-9146-CC671965B300}.Release|Any CPU.ActiveCfg = Release|Any CPU
		{EC2A01B7-8B78-49F1-9146-CC671965B300}.Release|Any CPU.Build.0 = Release|Any CPU
	EndGlobalSection
	GlobalSection(SolutionProperties) = preSolution
		HideSolutionNode = FALSE
	EndGlobalSection
	GlobalSection(ExtensibilityGlobals) = postSolution
		SolutionGuid = {447011F4-6C1D-4BF5-9C54-90596035865B}
	EndGlobalSection
EndGlobal
